# This file is automatically @generated by Poetry 1.6.1 and should not be changed by hand.

[[package]]
name = "kkpyutil"
version = "1.23.2"
description = "Building blocks for sysadmin and DevOps"
optional = false
python-versions = ">=3.9,<4.0"
files = [
    {file = "kkpyutil-1.23.2-py3-none-any.whl", hash = "sha256:baa62f19258c12bb778be00ec3068caff91c107fc87d635a9999d6d9674b1591"},
    {file = "kkpyutil-1.23.2.tar.gz", hash = "sha256:88f88c956d174ea8ce4b5eea5e537a11def92418f6ad9f7c3547cb54f32a3db8"},
]

[[package]]
name = "python-osc"
version = "1.8.3"
description = "Open Sound Control server and client implementations in pure Python"
optional = false
python-versions = ">=3.7"
files = [
    {file = "python-osc-1.8.3.tar.gz", hash = "sha256:a5ce1ba56c8d82df51cb3f2946b5dd33a70522791acc4b8564e62d2b20ad9caa"},
    {file = "python_osc-1.8.3-py3-none-any.whl", hash = "sha256:6fa7e5cf7690057712c26e5f67a747126e6a5f481a40792aad0f25ac3edee815"},
]

[metadata]
lock-version = "2.0"
python-versions = "^3.11"
content-hash = "62f4bebfcbdd3f2e12527567205239fef62d42cb453a0428b773f7060cf7f407"
