# generated by rye
# use `rye lock` or `rye sync` to update this lockfile
#
# last locked with the following flags:
#   pre: false
#   features: []
#   all-features: false
#   with-sources: false

-e file:.
annotated-types==0.6.0
    # via pydantic
bump2version==1.0.1
    # via cringelord
click==8.1.7
    # via cringelord
coverage==7.4.1
    # via coverage
    # via pytest-cov
importlib-metadata==7.0.1
    # via pydantic-yaml
iniconfig==2.0.0
    # via pytest
packaging==23.2
    # via pytest
    # via pytest-sugar
pluggy==1.4.0
    # via pytest
pydantic==2.6.1
    # via cringelord
    # via pydantic-yaml
pydantic-core==2.16.2
    # via pydantic
pydantic-yaml==1.2.1
    # via cringelord
pytest==8.0.1
    # via pytest-cov
    # via pytest-mock
    # via pytest-randomly
    # via pytest-sugar
pytest-cov==4.1.0
pytest-mock==3.12.0
pytest-randomly==3.15.0
pytest-sugar==1.0.0
pyyaml==6.0.1
    # via cringelord
ruamel-yaml==0.18.6
    # via pydantic-yaml
ruamel-yaml-clib==0.2.8
    # via ruamel-yaml
termcolor==2.4.0
    # via pytest-sugar
typing-extensions==4.9.0
    # via pydantic
    # via pydantic-core
    # via pydantic-yaml
zipp==3.17.0
    # via importlib-metadata
