# This file is automatically @generated by Poetry 1.7.1 and should not be changed by hand.

[[package]]
name = "importlib-metadata"
version = "7.0.1"
description = "Read metadata from Python packages"
optional = false
python-versions = ">=3.8"
files = [
    {file = "importlib_metadata-7.0.1-py3-none-any.whl", hash = "sha256:4805911c3a4ec7c3966410053e9ec6a1fecd629117df5adee56dfc9432a1081e"},
    {file = "importlib_metadata-7.0.1.tar.gz", hash = "sha256:f238736bb06590ae52ac1fab06a3a9ef1d8dce2b7a35b5ab329371d6c8f5d2cc"},
]

[package.dependencies]
zipp = ">=0.5"

[package.extras]
docs = ["furo", "jaraco.packaging (>=9.3)", "jaraco.tidelift (>=1.4)", "rst.linker (>=1.9)", "sphinx (<7.2.5)", "sphinx (>=3.5)", "sphinx-lint"]
perf = ["ipython"]
testing = ["flufl.flake8", "importlib-resources (>=1.3)", "packaging", "pyfakefs", "pytest (>=6)", "pytest-black (>=0.3.7)", "pytest-checkdocs (>=2.4)", "pytest-cov", "pytest-enabler (>=2.2)", "pytest-mypy (>=0.9.1)", "pytest-perf (>=0.9.2)", "pytest-ruff"]

[[package]]
name = "ml-dtypes"
version = "0.3.2"
description = ""
optional = false
python-versions = ">=3.9"
files = [
    {file = "ml_dtypes-0.3.2-cp310-cp310-macosx_10_9_universal2.whl", hash = "sha256:7afde548890a92b41c0fed3a6c525f1200a5727205f73dc21181a2726571bb53"},
    {file = "ml_dtypes-0.3.2-cp310-cp310-manylinux_2_17_aarch64.manylinux2014_aarch64.whl", hash = "sha256:d1a746fe5fb9cd974a91070174258f0be129c592b93f9ce7df6cc336416c3fbd"},
    {file = "ml_dtypes-0.3.2-cp310-cp310-manylinux_2_17_x86_64.manylinux2014_x86_64.whl", hash = "sha256:961134ea44c7b8ca63eda902a44b58cd8bd670e21d62e255c81fba0a8e70d9b7"},
    {file = "ml_dtypes-0.3.2-cp310-cp310-win_amd64.whl", hash = "sha256:6b35c4e8ca957c877ac35c79ffa77724ecc3702a1e4b18b08306c03feae597bb"},
    {file = "ml_dtypes-0.3.2-cp311-cp311-macosx_10_9_universal2.whl", hash = "sha256:763697ab8a88d47443997a7cdf3aac7340049aed45f7521f6b0ec8a0594821fe"},
    {file = "ml_dtypes-0.3.2-cp311-cp311-manylinux_2_17_aarch64.manylinux2014_aarch64.whl", hash = "sha256:b89b194e9501a92d289c1ffd411380baf5daafb9818109a4f49b0a1b6dce4462"},
    {file = "ml_dtypes-0.3.2-cp311-cp311-manylinux_2_17_x86_64.manylinux2014_x86_64.whl", hash = "sha256:2c34f2ba9660b21fe1034b608308a01be82bbef2a92fb8199f24dc6bad0d5226"},
    {file = "ml_dtypes-0.3.2-cp311-cp311-win_amd64.whl", hash = "sha256:6604877d567a29bfe7cc02969ae0f2425260e5335505cf5e7fefc3e5465f5655"},
    {file = "ml_dtypes-0.3.2-cp312-cp312-macosx_10_9_universal2.whl", hash = "sha256:93b78f53431c93953f7850bb1b925a17f0ab5d97527e38a7e865b5b4bc5cfc18"},
    {file = "ml_dtypes-0.3.2-cp312-cp312-manylinux_2_17_aarch64.manylinux2014_aarch64.whl", hash = "sha256:3a17ef2322e60858d93584e9c52a5be7dd6236b056b7fa1ec57f1bb6ba043e33"},
    {file = "ml_dtypes-0.3.2-cp312-cp312-manylinux_2_17_x86_64.manylinux2014_x86_64.whl", hash = "sha256:e8505946df1665db01332d885c2020b4cb9e84a8b1241eb4ba69d59591f65855"},
    {file = "ml_dtypes-0.3.2-cp312-cp312-win_amd64.whl", hash = "sha256:f47619d978ab1ae7dfdc4052ea97c636c6263e1f19bd1be0e42c346b98d15ff4"},
    {file = "ml_dtypes-0.3.2-cp39-cp39-macosx_10_9_universal2.whl", hash = "sha256:c7b3fb3d4f6b39bcd4f6c4b98f406291f0d681a895490ee29a0f95bab850d53c"},
    {file = "ml_dtypes-0.3.2-cp39-cp39-manylinux_2_17_aarch64.manylinux2014_aarch64.whl", hash = "sha256:7a4c3fcbf86fa52d0204f07cfd23947ef05b4ad743a1a988e163caa34a201e5e"},
    {file = "ml_dtypes-0.3.2-cp39-cp39-manylinux_2_17_x86_64.manylinux2014_x86_64.whl", hash = "sha256:91f8783fd1f2c23fd3b9ee5ad66b785dafa58ba3cdb050c4458021fa4d1eb226"},
    {file = "ml_dtypes-0.3.2-cp39-cp39-win_amd64.whl", hash = "sha256:7ba8e1fafc7fff3e643f453bffa7d082df1678a73286ce8187d3e825e776eb94"},
    {file = "ml_dtypes-0.3.2.tar.gz", hash = "sha256:533059bc5f1764fac071ef54598db358c167c51a718f68f5bb55e3dee79d2967"},
]

[package.dependencies]
numpy = [
    {version = ">=1.26.0", markers = "python_version >= \"3.12\""},
    {version = ">=1.23.3", markers = "python_version >= \"3.11\" and python_version < \"3.12\""},
    {version = ">=1.21.2", markers = "python_version >= \"3.10\" and python_version < \"3.11\""},
    {version = ">1.20", markers = "python_version < \"3.10\""},
]

[package.extras]
dev = ["absl-py", "pyink", "pylint (>=2.6.0)", "pytest", "pytest-xdist"]

[[package]]
name = "numpy"
version = "1.26.4"
description = "Fundamental package for array computing in Python"
optional = false
python-versions = ">=3.9"
files = [
    {file = "numpy-1.26.4-cp310-cp310-macosx_10_9_x86_64.whl", hash = "sha256:9ff0f4f29c51e2803569d7a51c2304de5554655a60c5d776e35b4a41413830d0"},
    {file = "numpy-1.26.4-cp310-cp310-macosx_11_0_arm64.whl", hash = "sha256:2e4ee3380d6de9c9ec04745830fd9e2eccb3e6cf790d39d7b98ffd19b0dd754a"},
    {file = "numpy-1.26.4-cp310-cp310-manylinux_2_17_aarch64.manylinux2014_aarch64.whl", hash = "sha256:d209d8969599b27ad20994c8e41936ee0964e6da07478d6c35016bc386b66ad4"},
    {file = "numpy-1.26.4-cp310-cp310-manylinux_2_17_x86_64.manylinux2014_x86_64.whl", hash = "sha256:ffa75af20b44f8dba823498024771d5ac50620e6915abac414251bd971b4529f"},
    {file = "numpy-1.26.4-cp310-cp310-musllinux_1_1_aarch64.whl", hash = "sha256:62b8e4b1e28009ef2846b4c7852046736bab361f7aeadeb6a5b89ebec3c7055a"},
    {file = "numpy-1.26.4-cp310-cp310-musllinux_1_1_x86_64.whl", hash = "sha256:a4abb4f9001ad2858e7ac189089c42178fcce737e4169dc61321660f1a96c7d2"},
    {file = "numpy-1.26.4-cp310-cp310-win32.whl", hash = "sha256:bfe25acf8b437eb2a8b2d49d443800a5f18508cd811fea3181723922a8a82b07"},
    {file = "numpy-1.26.4-cp310-cp310-win_amd64.whl", hash = "sha256:b97fe8060236edf3662adfc2c633f56a08ae30560c56310562cb4f95500022d5"},
    {file = "numpy-1.26.4-cp311-cp311-macosx_10_9_x86_64.whl", hash = "sha256:4c66707fabe114439db9068ee468c26bbdf909cac0fb58686a42a24de1760c71"},
    {file = "numpy-1.26.4-cp311-cp311-macosx_11_0_arm64.whl", hash = "sha256:edd8b5fe47dab091176d21bb6de568acdd906d1887a4584a15a9a96a1dca06ef"},
    {file = "numpy-1.26.4-cp311-cp311-manylinux_2_17_aarch64.manylinux2014_aarch64.whl", hash = "sha256:7ab55401287bfec946ced39700c053796e7cc0e3acbef09993a9ad2adba6ca6e"},
    {file = "numpy-1.26.4-cp311-cp311-manylinux_2_17_x86_64.manylinux2014_x86_64.whl", hash = "sha256:666dbfb6ec68962c033a450943ded891bed2d54e6755e35e5835d63f4f6931d5"},
    {file = "numpy-1.26.4-cp311-cp311-musllinux_1_1_aarch64.whl", hash = "sha256:96ff0b2ad353d8f990b63294c8986f1ec3cb19d749234014f4e7eb0112ceba5a"},
    {file = "numpy-1.26.4-cp311-cp311-musllinux_1_1_x86_64.whl", hash = "sha256:60dedbb91afcbfdc9bc0b1f3f402804070deed7392c23eb7a7f07fa857868e8a"},
    {file = "numpy-1.26.4-cp311-cp311-win32.whl", hash = "sha256:1af303d6b2210eb850fcf03064d364652b7120803a0b872f5211f5234b399f20"},
    {file = "numpy-1.26.4-cp311-cp311-win_amd64.whl", hash = "sha256:cd25bcecc4974d09257ffcd1f098ee778f7834c3ad767fe5db785be9a4aa9cb2"},
    {file = "numpy-1.26.4-cp312-cp312-macosx_10_9_x86_64.whl", hash = "sha256:b3ce300f3644fb06443ee2222c2201dd3a89ea6040541412b8fa189341847218"},
    {file = "numpy-1.26.4-cp312-cp312-macosx_11_0_arm64.whl", hash = "sha256:03a8c78d01d9781b28a6989f6fa1bb2c4f2d51201cf99d3dd875df6fbd96b23b"},
    {file = "numpy-1.26.4-cp312-cp312-manylinux_2_17_aarch64.manylinux2014_aarch64.whl", hash = "sha256:9fad7dcb1aac3c7f0584a5a8133e3a43eeb2fe127f47e3632d43d677c66c102b"},
    {file = "numpy-1.26.4-cp312-cp312-manylinux_2_17_x86_64.manylinux2014_x86_64.whl", hash = "sha256:675d61ffbfa78604709862923189bad94014bef562cc35cf61d3a07bba02a7ed"},
    {file = "numpy-1.26.4-cp312-cp312-musllinux_1_1_aarch64.whl", hash = "sha256:ab47dbe5cc8210f55aa58e4805fe224dac469cde56b9f731a4c098b91917159a"},
    {file = "numpy-1.26.4-cp312-cp312-musllinux_1_1_x86_64.whl", hash = "sha256:1dda2e7b4ec9dd512f84935c5f126c8bd8b9f2fc001e9f54af255e8c5f16b0e0"},
    {file = "numpy-1.26.4-cp312-cp312-win32.whl", hash = "sha256:50193e430acfc1346175fcbdaa28ffec49947a06918b7b92130744e81e640110"},
    {file = "numpy-1.26.4-cp312-cp312-win_amd64.whl", hash = "sha256:08beddf13648eb95f8d867350f6a018a4be2e5ad54c8d8caed89ebca558b2818"},
    {file = "numpy-1.26.4-cp39-cp39-macosx_10_9_x86_64.whl", hash = "sha256:7349ab0fa0c429c82442a27a9673fc802ffdb7c7775fad780226cb234965e53c"},
    {file = "numpy-1.26.4-cp39-cp39-macosx_11_0_arm64.whl", hash = "sha256:52b8b60467cd7dd1e9ed082188b4e6bb35aa5cdd01777621a1658910745b90be"},
    {file = "numpy-1.26.4-cp39-cp39-manylinux_2_17_aarch64.manylinux2014_aarch64.whl", hash = "sha256:d5241e0a80d808d70546c697135da2c613f30e28251ff8307eb72ba696945764"},
    {file = "numpy-1.26.4-cp39-cp39-manylinux_2_17_x86_64.manylinux2014_x86_64.whl", hash = "sha256:f870204a840a60da0b12273ef34f7051e98c3b5961b61b0c2c1be6dfd64fbcd3"},
    {file = "numpy-1.26.4-cp39-cp39-musllinux_1_1_aarch64.whl", hash = "sha256:679b0076f67ecc0138fd2ede3a8fd196dddc2ad3254069bcb9faf9a79b1cebcd"},
    {file = "numpy-1.26.4-cp39-cp39-musllinux_1_1_x86_64.whl", hash = "sha256:47711010ad8555514b434df65f7d7b076bb8261df1ca9bb78f53d3b2db02e95c"},
    {file = "numpy-1.26.4-cp39-cp39-win32.whl", hash = "sha256:a354325ee03388678242a4d7ebcd08b5c727033fcff3b2f536aea978e15ee9e6"},
    {file = "numpy-1.26.4-cp39-cp39-win_amd64.whl", hash = "sha256:3373d5d70a5fe74a2c1bb6d2cfd9609ecf686d47a2d7b1d37a8f3b6bf6003aea"},
    {file = "numpy-1.26.4-pp39-pypy39_pp73-macosx_10_9_x86_64.whl", hash = "sha256:afedb719a9dcfc7eaf2287b839d8198e06dcd4cb5d276a3df279231138e83d30"},
    {file = "numpy-1.26.4-pp39-pypy39_pp73-manylinux_2_17_x86_64.manylinux2014_x86_64.whl", hash = "sha256:95a7476c59002f2f6c590b9b7b998306fba6a5aa646b1e22ddfeaf8f78c3a29c"},
    {file = "numpy-1.26.4-pp39-pypy39_pp73-win_amd64.whl", hash = "sha256:7e50d0a0cc3189f9cb0aeb3a6a6af18c16f59f004b866cd2be1c14b36134a4a0"},
    {file = "numpy-1.26.4.tar.gz", hash = "sha256:2a02aba9ed12e4ac4eb3ea9421c420301a0c6460d9830d74a9df87efa4912010"},
]

[[package]]
name = "tensorstore"
version = "0.1.53"
description = "Read and write large, multi-dimensional arrays"
optional = false
python-versions = ">=3.9"
files = [
    {file = "tensorstore-0.1.53-cp310-cp310-macosx_10_14_x86_64.whl", hash = "sha256:c54a67a7d82e5e35fd818ec7d8365158b669444bd7b436e2df3817c9eae4b245"},
    {file = "tensorstore-0.1.53-cp310-cp310-macosx_11_0_arm64.whl", hash = "sha256:d82eb4c8993f3dbc76c2857b873126586ccd2965a7c920df4cf9b6e3b3d62110"},
    {file = "tensorstore-0.1.53-cp310-cp310-manylinux_2_17_x86_64.manylinux2014_x86_64.whl", hash = "sha256:d5beb0f70813e9f7df4d3a49dccc5d3d2ac50fb5da6f2ea9ad0605963567e31e"},
    {file = "tensorstore-0.1.53-cp310-cp310-win_amd64.whl", hash = "sha256:a84873df7ca17e75568d72ddfd1c90f0bd850964a60a49f428127f0270bbcccd"},
    {file = "tensorstore-0.1.53-cp311-cp311-macosx_10_14_x86_64.whl", hash = "sha256:753d8666b80a8d13cb76cc3e07a5f99dae88e9982e822e74ef650ca98384b089"},
    {file = "tensorstore-0.1.53-cp311-cp311-macosx_11_0_arm64.whl", hash = "sha256:add2c1ee5ffc6588d5e7cf6a2ad3918b2bb5ac2ed6df4c33aeccf5ba284d4699"},
    {file = "tensorstore-0.1.53-cp311-cp311-manylinux_2_17_x86_64.manylinux2014_x86_64.whl", hash = "sha256:f3e1e5cdac47df4801e4df99291d0eabecacc21ab982389217d8d5b20f14db61"},
    {file = "tensorstore-0.1.53-cp311-cp311-win_amd64.whl", hash = "sha256:8742ae23b0b67da033bd95ddc7c89fa90f526774bc618c4938d697da6ce687fd"},
    {file = "tensorstore-0.1.53-cp312-cp312-macosx_10_14_x86_64.whl", hash = "sha256:8c7ff02e4210980cc86925ace089819079a91eabe04bde63b0359c898f05ec0a"},
    {file = "tensorstore-0.1.53-cp312-cp312-macosx_11_0_arm64.whl", hash = "sha256:0e96d83086ea71e41e88becf6309ef9fd8cbb6ff0499f1d79b1bcf7d90b0f75e"},
    {file = "tensorstore-0.1.53-cp312-cp312-manylinux_2_17_x86_64.manylinux2014_x86_64.whl", hash = "sha256:7bc8844330780f74525e0adc3c2e267bfbec14aa177f54053597d0efdebccd01"},
    {file = "tensorstore-0.1.53-cp312-cp312-win_amd64.whl", hash = "sha256:1c2aa4bd6589b289e83ac8704733249b9b9125a53573f6ca1b2fd3cd34cfd048"},
    {file = "tensorstore-0.1.53-cp39-cp39-macosx_10_14_x86_64.whl", hash = "sha256:2b7cc4697c051a06a44879a51069c61d6e33b4d9200afafc08a7e8c17e68a3fd"},
    {file = "tensorstore-0.1.53-cp39-cp39-macosx_11_0_arm64.whl", hash = "sha256:9139eefcfb68d4208313fbd80a1a2855f7f132862837539a29e8f1570aa164fa"},
    {file = "tensorstore-0.1.53-cp39-cp39-manylinux_2_17_x86_64.manylinux2014_x86_64.whl", hash = "sha256:b289d12c9970eda23bad8cf64f24c220fdd7e0bfe34403789c1cb70997d48b7b"},
    {file = "tensorstore-0.1.53-cp39-cp39-win_amd64.whl", hash = "sha256:4940401207bc1b9ab2877db67fd3464b19d0d732f2f0a3eea325aabf88e5891c"},
    {file = "tensorstore-0.1.53.tar.gz", hash = "sha256:45ef74b2dc9f2cd5f766bc373ded91d681cd021cc69d16592df48abaeb81af56"},
]

[package.dependencies]
ml-dtypes = ">=0.3.1"
numpy = ">=1.16.0"

[[package]]
name = "zipp"
version = "3.17.0"
description = "Backport of pathlib-compatible object wrapper for zip files"
optional = false
python-versions = ">=3.8"
files = [
    {file = "zipp-3.17.0-py3-none-any.whl", hash = "sha256:0e923e726174922dce09c53c59ad483ff7bbb8e572e00c7f7c46b88556409f31"},
    {file = "zipp-3.17.0.tar.gz", hash = "sha256:84e64a1c28cf7e91ed2078bb8cc8c259cb19b76942096c8d7b84947690cabaf0"},
]

[package.extras]
docs = ["furo", "jaraco.packaging (>=9.3)", "jaraco.tidelift (>=1.4)", "rst.linker (>=1.9)", "sphinx (<7.2.5)", "sphinx (>=3.5)", "sphinx-lint"]
testing = ["big-O", "jaraco.functools", "jaraco.itertools", "more-itertools", "pytest (>=6)", "pytest-black (>=0.3.7)", "pytest-checkdocs (>=2.4)", "pytest-cov", "pytest-enabler (>=2.2)", "pytest-ignore-flaky", "pytest-mypy (>=0.9.1)", "pytest-ruff"]

[metadata]
lock-version = "2.0"
python-versions = ">=3.9,<4.0"
content-hash = "78a0eaa0cc5a2c8975f661e7ef5c79b2cc1539171e983795c24ee3ae60becbbe"
